<?xml version="1.0" encoding="utf-8"?>
<Project ToolsVersion="4.0" xmlns="http://schemas.microsoft.com/developer/msbuild/2003">
  <ItemGroup>
    <Filter Include="소스 파일">
      <UniqueIdentifier>{4FC737F1-C7A5-4376-A066-2A32D752A2FF}</UniqueIdentifier>
      <Extensions>cpp;c;cc;cxx;def;odl;idl;hpj;bat;asm;asmx</Extensions>
    </Filter>
    <Filter Include="헤더 파일">
      <UniqueIdentifier>{93995380-89BD-4b04-88EB-625FBE52EBFB}</UniqueIdentifier>
      <Extensions>h;hh;hpp;hxx;hm;inl;inc;ipp;xsd</Extensions>
    </Filter>
    <Filter Include="리소스 파일">
      <UniqueIdentifier>{67DA6AB6-F800-4c08-8B7A-83BB121AAD01}</UniqueIdentifier>
      <Extensions>rc;ico;cur;bmp;dlg;rc2;rct;bin;rgs;gif;jpg;jpeg;jpe;resx;tiff;tif;png;wav;mfcribbon-ms</Extensions>
    </Filter>
    <Filter Include="소스 파일\problem">
      <UniqueIdentifier>{34cf7589-0dca-4009-93b1-b815e5348719}</UniqueIdentifier>
    </Filter>
    <Filter Include="소스 파일\problem\1000">
      <UniqueIdentifier>{5900aca9-5c22-4da7-b1a1-656a05a0a813}</UniqueIdentifier>
    </Filter>
    <Filter Include="소스 파일\problem\2000">
      <UniqueIdentifier>{f9a66b26-fbc5-47cc-972d-362329104b61}</UniqueIdentifier>
    </Filter>
    <Filter Include="소스 파일\problem\3000">
      <UniqueIdentifier>{aaef4ff3-110d-44c4-a5d7-3d01aeff88a7}</UniqueIdentifier>
    </Filter>
    <Filter Include="소스 파일\problem\4000">
      <UniqueIdentifier>{15b7f741-c1ba-4afd-92bc-5b4bc9db545f}</UniqueIdentifier>
    </Filter>
    <Filter Include="소스 파일\problem\6000">
      <UniqueIdentifier>{43dc60c0-09e2-4fb4-b5ef-a6e2f568c609}</UniqueIdentifier>
    </Filter>
    <Filter Include="소스 파일\problem\7000">
      <UniqueIdentifier>{02660e73-9ed3-4844-9afb-cbf76d5a7b75}</UniqueIdentifier>
    </Filter>
    <Filter Include="소스 파일\problem\8000">
      <UniqueIdentifier>{898f3314-179e-41f3-b100-fafc29946e58}</UniqueIdentifier>
    </Filter>
    <Filter Include="소스 파일\problem\9000">
      <UniqueIdentifier>{aaf0e3b1-834c-4afb-8276-4371fcb0d284}</UniqueIdentifier>
    </Filter>
    <Filter Include="소스 파일\problem\10000">
      <UniqueIdentifier>{edabb106-3e7e-4ede-bdeb-e675fb5e735c}</UniqueIdentifier>
    </Filter>
    <Filter Include="소스 파일\problem\11000">
      <UniqueIdentifier>{d9e0c4e5-220f-466d-b922-d40e3f471c54}</UniqueIdentifier>
    </Filter>
    <Filter Include="소스 파일\problem\12000">
      <UniqueIdentifier>{e03075d8-5312-4ce8-9fa5-fd8de303ba53}</UniqueIdentifier>
    </Filter>
    <Filter Include="소스 파일\problem\13000">
      <UniqueIdentifier>{6495165e-13da-4d65-813d-9ff3bcc41368}</UniqueIdentifier>
    </Filter>
    <Filter Include="소스 파일\problem\14000">
      <UniqueIdentifier>{9143b544-5e29-463d-a38a-099612f62001}</UniqueIdentifier>
    </Filter>
    <Filter Include="소스 파일\problem\15000">
      <UniqueIdentifier>{93329505-031c-420f-97bf-ab1a56e4b15f}</UniqueIdentifier>
    </Filter>
    <Filter Include="소스 파일\problem\16000">
      <UniqueIdentifier>{f3425e63-43a1-45ff-adb2-1523f21bbdac}</UniqueIdentifier>
    </Filter>
    <Filter Include="소스 파일\problem\17000">
      <UniqueIdentifier>{084bc144-2488-4b03-8518-72e03ada51ad}</UniqueIdentifier>
    </Filter>
    <Filter Include="소스 파일\problem\SWEA">
      <UniqueIdentifier>{2247a1e2-6d54-42c3-8522-cd2b4d6579ff}</UniqueIdentifier>
    </Filter>
    <Filter Include="소스 파일\problem\5000">
      <UniqueIdentifier>{e349be82-6914-4d03-bc37-57576d9b7566}</UniqueIdentifier>
    </Filter>
    <Filter Include="소스 파일\scpc">
      <UniqueIdentifier>{b35ac978-969e-4619-ba87-2298772e73f0}</UniqueIdentifier>
    </Filter>
    <Filter Include="소스 파일\problem\programmers">
      <UniqueIdentifier>{16206628-d3ba-41e6-9639-040fb43b008a}</UniqueIdentifier>
    </Filter>
    <Filter Include="소스 파일\problem\19000">
      <UniqueIdentifier>{f7bce632-6260-40d1-9fec-a9839f0fef26}</UniqueIdentifier>
    </Filter>
    <Filter Include="소스 파일\problem\20000">
      <UniqueIdentifier>{4e43fcbe-8c95-49f4-b913-5af51493dd39}</UniqueIdentifier>
    </Filter>
    <Filter Include="소스 파일\problem\18000">
      <UniqueIdentifier>{bb34a2df-84d7-4a16-8adc-0e5874268e4b}</UniqueIdentifier>
    </Filter>
    <Filter Include="소스 파일\problem\21000">
      <UniqueIdentifier>{e4a39f72-3665-42e2-8cc6-70e26f4acf0a}</UniqueIdentifier>
    </Filter>
    <Filter Include="소스 파일\problem\22000">
      <UniqueIdentifier>{34b2b965-853e-4113-9205-a82be80f4610}</UniqueIdentifier>
    </Filter>
  </ItemGroup>
  <ItemGroup>
    <ClCompile Include="20180919.cpp">
      <Filter>소스 파일</Filter>
    </ClCompile>
    <ClCompile Include="20160928.cpp">
      <Filter>소스 파일</Filter>
    </ClCompile>
    <ClCompile Include="20181005.cpp">
      <Filter>소스 파일</Filter>
    </ClCompile>
    <ClCompile Include="20181010.cpp">
      <Filter>소스 파일</Filter>
    </ClCompile>
    <ClCompile Include="20181017.cpp">
      <Filter>소스 파일</Filter>
    </ClCompile>
    <ClCompile Include="20181114.cpp">
      <Filter>소스 파일</Filter>
    </ClCompile>
    <ClCompile Include="20181121.cpp">
      <Filter>소스 파일</Filter>
    </ClCompile>
    <ClCompile Include="bfs.cpp">
      <Filter>소스 파일</Filter>
    </ClCompile>
    <ClCompile Include="1012.cpp">
      <Filter>소스 파일\problem\1000</Filter>
    </ClCompile>
    <ClCompile Include="1065.cpp">
      <Filter>소스 파일\problem\1000</Filter>
    </ClCompile>
    <ClCompile Include="1260.cpp">
      <Filter>소스 파일\problem\1000</Filter>
    </ClCompile>
    <ClCompile Include="1371.cpp">
      <Filter>소스 파일\problem\1000</Filter>
    </ClCompile>
    <ClCompile Include="1463.cpp">
      <Filter>소스 파일\problem\1000</Filter>
    </ClCompile>
    <ClCompile Include="1620.cpp">
      <Filter>소스 파일\problem\1000</Filter>
    </ClCompile>
    <ClCompile Include="1647.cpp">
      <Filter>소스 파일\problem\1000</Filter>
    </ClCompile>
    <ClCompile Include="1978.cpp">
      <Filter>소스 파일\problem\1000</Filter>
    </ClCompile>
    <ClCompile Include="1759.cpp">
      <Filter>소스 파일\problem\1000</Filter>
    </ClCompile>
    <ClCompile Include="1874.cpp">
      <Filter>소스 파일\problem\1000</Filter>
    </ClCompile>
    <ClCompile Include="1924.cpp">
      <Filter>소스 파일\problem\1000</Filter>
    </ClCompile>
    <ClCompile Include="1931.cpp">
      <Filter>소스 파일\problem\1000</Filter>
    </ClCompile>
    <ClCompile Include="1966.cpp">
      <Filter>소스 파일\problem\1000</Filter>
    </ClCompile>
    <ClCompile Include="2178.cpp">
      <Filter>소스 파일\problem\2000</Filter>
    </ClCompile>
    <ClCompile Include="2231.cpp">
      <Filter>소스 파일\problem\2000</Filter>
    </ClCompile>
    <ClCompile Include="2309.cpp">
      <Filter>소스 파일\problem\2000</Filter>
    </ClCompile>
    <ClCompile Include="2476.cpp">
      <Filter>소스 파일\problem\2000</Filter>
    </ClCompile>
    <ClCompile Include="2503.cpp">
      <Filter>소스 파일\problem\2000</Filter>
    </ClCompile>
    <ClCompile Include="2504.cpp">
      <Filter>소스 파일\problem\2000</Filter>
    </ClCompile>
    <ClCompile Include="2579.cpp">
      <Filter>소스 파일\problem\2000</Filter>
    </ClCompile>
    <ClCompile Include="2667.cpp">
      <Filter>소스 파일\problem\2000</Filter>
    </ClCompile>
    <ClCompile Include="2739.cpp">
      <Filter>소스 파일\problem\2000</Filter>
    </ClCompile>
    <ClCompile Include="2839.cpp">
      <Filter>소스 파일\problem\2000</Filter>
    </ClCompile>
    <ClCompile Include="3190.cpp">
      <Filter>소스 파일\problem\3000</Filter>
    </ClCompile>
    <ClCompile Include="3460.cpp">
      <Filter>소스 파일\problem\3000</Filter>
    </ClCompile>
    <ClCompile Include="4796.cpp">
      <Filter>소스 파일\problem\4000</Filter>
    </ClCompile>
    <ClCompile Include="4344.cpp">
      <Filter>소스 파일\problem\4000</Filter>
    </ClCompile>
    <ClCompile Include="4458.cpp">
      <Filter>소스 파일\problem\4000</Filter>
    </ClCompile>
    <ClCompile Include="6588.cpp">
      <Filter>소스 파일\problem\6000</Filter>
    </ClCompile>
    <ClCompile Include="7567.cpp">
      <Filter>소스 파일\problem\7000</Filter>
    </ClCompile>
    <ClCompile Include="7576.cpp">
      <Filter>소스 파일\problem\7000</Filter>
    </ClCompile>
    <ClCompile Include="8320.cpp">
      <Filter>소스 파일\problem\8000</Filter>
    </ClCompile>
    <ClCompile Include="9012.cpp">
      <Filter>소스 파일\problem\9000</Filter>
    </ClCompile>
    <ClCompile Include="9655.cpp">
      <Filter>소스 파일\problem\9000</Filter>
    </ClCompile>
    <ClCompile Include="10989.cpp">
      <Filter>소스 파일\problem\10000</Filter>
    </ClCompile>
    <ClCompile Include="10845.cpp">
      <Filter>소스 파일\problem\10000</Filter>
    </ClCompile>
    <ClCompile Include="10828.cpp">
      <Filter>소스 파일\problem\10000</Filter>
    </ClCompile>
    <ClCompile Include="10825.cpp">
      <Filter>소스 파일\problem\10000</Filter>
    </ClCompile>
    <ClCompile Include="10817.cpp">
      <Filter>소스 파일\problem\10000</Filter>
    </ClCompile>
    <ClCompile Include="10797.cpp">
      <Filter>소스 파일\problem\10000</Filter>
    </ClCompile>
    <ClCompile Include="11047.cpp">
      <Filter>소스 파일\problem\11000</Filter>
    </ClCompile>
    <ClCompile Include="11650.cpp">
      <Filter>소스 파일\problem\11000</Filter>
    </ClCompile>
    <ClCompile Include="11655.cpp">
      <Filter>소스 파일\problem\11000</Filter>
    </ClCompile>
    <ClCompile Include="11718.cpp">
      <Filter>소스 파일\problem\11000</Filter>
    </ClCompile>
    <ClCompile Include="11719.cpp">
      <Filter>소스 파일\problem\11000</Filter>
    </ClCompile>
    <ClCompile Include="11721.cpp">
      <Filter>소스 파일\problem\11000</Filter>
    </ClCompile>
    <ClCompile Include="11724.cpp">
      <Filter>소스 파일\problem\11000</Filter>
    </ClCompile>
    <ClCompile Include="11726.cpp">
      <Filter>소스 파일\problem\11000</Filter>
    </ClCompile>
    <ClCompile Include="4673.cpp">
      <Filter>소스 파일\problem\4000</Filter>
    </ClCompile>
    <ClCompile Include="12100.cpp">
      <Filter>소스 파일\problem\12000</Filter>
    </ClCompile>
    <ClCompile Include="12873.cpp">
      <Filter>소스 파일\problem\12000</Filter>
    </ClCompile>
    <ClCompile Include="13335.cpp">
      <Filter>소스 파일\problem\13000</Filter>
    </ClCompile>
    <ClCompile Include="13458.cpp">
      <Filter>소스 파일\problem\13000</Filter>
    </ClCompile>
    <ClCompile Include="14405.cpp">
      <Filter>소스 파일\problem\14000</Filter>
    </ClCompile>
    <ClCompile Include="14499.cpp">
      <Filter>소스 파일\problem\14000</Filter>
    </ClCompile>
    <ClCompile Include="14891.cpp">
      <Filter>소스 파일\problem\14000</Filter>
    </ClCompile>
    <ClCompile Include="14503.cpp">
      <Filter>소스 파일\problem\14000</Filter>
    </ClCompile>
    <ClCompile Include="15683.cpp">
      <Filter>소스 파일\problem\15000</Filter>
    </ClCompile>
    <ClCompile Include="15804.cpp">
      <Filter>소스 파일\problem\15000</Filter>
    </ClCompile>
    <ClCompile Include="15947.cpp">
      <Filter>소스 파일\problem\15000</Filter>
    </ClCompile>
    <ClCompile Include="16506.cpp">
      <Filter>소스 파일\problem\16000</Filter>
    </ClCompile>
    <ClCompile Include="16917.cpp">
      <Filter>소스 파일\problem\16000</Filter>
    </ClCompile>
    <ClCompile Include="16918.cpp">
      <Filter>소스 파일\problem\16000</Filter>
    </ClCompile>
    <ClCompile Include="16922.cpp">
      <Filter>소스 파일\problem\16000</Filter>
    </ClCompile>
    <ClCompile Include="16923.cpp">
      <Filter>소스 파일\problem\16000</Filter>
    </ClCompile>
    <ClCompile Include="16924.cpp">
      <Filter>소스 파일\problem\16000</Filter>
    </ClCompile>
    <ClCompile Include="16986.cpp">
      <Filter>소스 파일\problem\16000</Filter>
    </ClCompile>
    <ClCompile Include="16988.cpp">
      <Filter>소스 파일\problem\16000</Filter>
    </ClCompile>
    <ClCompile Include="17070.cpp">
      <Filter>소스 파일\problem\17000</Filter>
    </ClCompile>
    <ClCompile Include="17136.cpp">
      <Filter>소스 파일\problem\17000</Filter>
    </ClCompile>
    <ClCompile Include="1149.cpp">
      <Filter>소스 파일\problem\1000</Filter>
    </ClCompile>
    <ClCompile Include="10039.cpp">
      <Filter>소스 파일\problem\10000</Filter>
    </ClCompile>
    <ClCompile Include="1697.cpp">
      <Filter>소스 파일\problem\1000</Filter>
    </ClCompile>
    <ClCompile Include="17135.cpp">
      <Filter>소스 파일\problem\17000</Filter>
    </ClCompile>
    <ClCompile Include="2933.cpp">
      <Filter>소스 파일\problem\2000</Filter>
    </ClCompile>
    <ClCompile Include="2750.cpp">
      <Filter>소스 파일\problem\2000</Filter>
    </ClCompile>
    <ClCompile Include="13199.cpp">
      <Filter>소스 파일\problem\13000</Filter>
    </ClCompile>
    <ClCompile Include="1026.cpp">
      <Filter>소스 파일\problem\1000</Filter>
    </ClCompile>
    <ClCompile Include="5658.cpp">
      <Filter>소스 파일\problem\SWEA</Filter>
    </ClCompile>
    <ClCompile Include="5622.cpp">
      <Filter>소스 파일\problem\5000</Filter>
    </ClCompile>
    <ClCompile Include="5656.cpp">
      <Filter>소스 파일\problem\SWEA</Filter>
    </ClCompile>
    <ClCompile Include="2609.cpp">
      <Filter>소스 파일\problem\2000</Filter>
    </ClCompile>
    <ClCompile Include="1427.cpp">
      <Filter>소스 파일\problem\1000</Filter>
    </ClCompile>
    <ClCompile Include="11559.cpp">
      <Filter>소스 파일\problem\11000</Filter>
    </ClCompile>
    <ClCompile Include="2448.cpp">
      <Filter>소스 파일\problem\2000</Filter>
    </ClCompile>
    <ClCompile Include="8958.cpp">
      <Filter>소스 파일\problem\8000</Filter>
    </ClCompile>
    <ClCompile Include="10451.cpp">
      <Filter>소스 파일\problem\10000</Filter>
    </ClCompile>
    <ClCompile Include="1002.cpp">
      <Filter>소스 파일\problem\1000</Filter>
    </ClCompile>
    <ClCompile Include="15649.cpp">
      <Filter>소스 파일\problem\15000</Filter>
    </ClCompile>
    <ClCompile Include="1929.cpp">
      <Filter>소스 파일\problem\1000</Filter>
    </ClCompile>
    <ClCompile Include="14716.cpp">
      <Filter>소스 파일\problem\14000</Filter>
    </ClCompile>
    <ClCompile Include="14621.cpp">
      <Filter>소스 파일\problem\14000</Filter>
    </ClCompile>
    <ClCompile Include="1003.cpp">
      <Filter>소스 파일\problem\1000</Filter>
    </ClCompile>
    <ClCompile Include="9095.cpp">
      <Filter>소스 파일\problem\9000</Filter>
    </ClCompile>
    <ClCompile Include="2452.cpp">
      <Filter>소스 파일\problem\2000</Filter>
    </ClCompile>
    <ClCompile Include="11052.cpp">
      <Filter>소스 파일\problem\11000</Filter>
    </ClCompile>
    <ClCompile Include="2638.cpp">
      <Filter>소스 파일\problem\2000</Filter>
    </ClCompile>
    <ClCompile Include="10844.cpp">
      <Filter>소스 파일\problem\10000</Filter>
    </ClCompile>
    <ClCompile Include="1932.cpp">
      <Filter>소스 파일\problem\1000</Filter>
    </ClCompile>
    <ClCompile Include="2193.cpp">
      <Filter>소스 파일\problem\2000</Filter>
    </ClCompile>
    <ClCompile Include="2156.cpp">
      <Filter>소스 파일\problem\2000</Filter>
    </ClCompile>
    <ClCompile Include="10026.cpp">
      <Filter>소스 파일\problem\10000</Filter>
    </ClCompile>
    <ClCompile Include="9205.cpp">
      <Filter>소스 파일\problem\9000</Filter>
    </ClCompile>
    <ClCompile Include="3184.cpp">
      <Filter>소스 파일\problem\3000</Filter>
    </ClCompile>
    <ClCompile Include="11057.cpp">
      <Filter>소스 파일\problem\11000</Filter>
    </ClCompile>
    <ClCompile Include="7569.cpp">
      <Filter>소스 파일\problem\7000</Filter>
    </ClCompile>
    <ClCompile Include="1890.cpp">
      <Filter>소스 파일\problem\1000</Filter>
    </ClCompile>
    <ClCompile Include="1005.cpp">
      <Filter>소스 파일\problem\1000</Filter>
    </ClCompile>
    <ClCompile Include="17255.cpp">
      <Filter>소스 파일\problem\17000</Filter>
    </ClCompile>
    <ClCompile Include="1011.cpp">
      <Filter>소스 파일\problem\1000</Filter>
    </ClCompile>
    <ClCompile Include="16973.cpp">
      <Filter>소스 파일\problem\16000</Filter>
    </ClCompile>
    <ClCompile Include="1475.cpp">
      <Filter>소스 파일\problem\1000</Filter>
    </ClCompile>
    <ClCompile Include="15685.cpp">
      <Filter>소스 파일\problem\15000</Filter>
    </ClCompile>
    <ClCompile Include="14501.cpp">
      <Filter>소스 파일\problem\14000</Filter>
    </ClCompile>
    <ClCompile Include="11503.cpp">
      <Filter>소스 파일\problem\11000</Filter>
    </ClCompile>
    <ClCompile Include="17204.cpp">
      <Filter>소스 파일\problem\17000</Filter>
    </ClCompile>
    <ClCompile Include="16367.cpp">
      <Filter>소스 파일\problem\16000</Filter>
    </ClCompile>
    <ClCompile Include="1991.cpp">
      <Filter>소스 파일\problem\1000</Filter>
    </ClCompile>
    <ClCompile Include="12851.cpp">
      <Filter>소스 파일\problem\12000</Filter>
    </ClCompile>
    <ClCompile Include="14564.cpp">
      <Filter>소스 파일\problem\14000</Filter>
    </ClCompile>
    <ClCompile Include="16948.cpp">
      <Filter>소스 파일\problem\16000</Filter>
    </ClCompile>
    <ClCompile Include="9019.cpp">
      <Filter>소스 파일\problem\9000</Filter>
    </ClCompile>
    <ClCompile Include="15650.cpp">
      <Filter>소스 파일\problem\15000</Filter>
    </ClCompile>
    <ClCompile Include="1912.cpp">
      <Filter>소스 파일\problem\1000</Filter>
    </ClCompile>
    <ClCompile Include="1010.cpp">
      <Filter>소스 파일\problem\1000</Filter>
    </ClCompile>
    <ClCompile Include="9465.cpp">
      <Filter>소스 파일\problem\9000</Filter>
    </ClCompile>
    <ClCompile Include="16920.cpp">
      <Filter>소스 파일\problem\16000</Filter>
    </ClCompile>
    <ClCompile Include="11104.cpp">
      <Filter>소스 파일\problem\11000</Filter>
    </ClCompile>
    <ClCompile Include="2436.cpp">
      <Filter>소스 파일\problem\2000</Filter>
    </ClCompile>
    <ClCompile Include="13505.cpp">
      <Filter>소스 파일\problem\13000</Filter>
    </ClCompile>
    <ClCompile Include="11504.cpp">
      <Filter>소스 파일\problem\11000</Filter>
    </ClCompile>
    <ClCompile Include="17144.cpp">
      <Filter>소스 파일\problem\17000</Filter>
    </ClCompile>
    <ClCompile Include="14888.cpp">
      <Filter>소스 파일\problem\14000</Filter>
    </ClCompile>
    <ClCompile Include="13460.cpp">
      <Filter>소스 파일\problem\13000</Filter>
    </ClCompile>
    <ClCompile Include="2468.cpp">
      <Filter>소스 파일\problem\2000</Filter>
    </ClCompile>
    <ClCompile Include="1.cpp">
      <Filter>소스 파일\scpc</Filter>
    </ClCompile>
    <ClCompile Include="2.cpp">
      <Filter>소스 파일\scpc</Filter>
    </ClCompile>
    <ClCompile Include="3.cpp">
      <Filter>소스 파일\scpc</Filter>
    </ClCompile>
    <ClCompile Include="5.cpp">
      <Filter>소스 파일\scpc</Filter>
    </ClCompile>
    <ClCompile Include="16198.cpp">
      <Filter>소스 파일\problem\16000</Filter>
    </ClCompile>
    <ClCompile Include="4485.cpp">
      <Filter>소스 파일\problem\4000</Filter>
    </ClCompile>
    <ClCompile Include="2098.cpp">
      <Filter>소스 파일\problem\2000</Filter>
    </ClCompile>
    <ClCompile Include="16985.cpp">
      <Filter>소스 파일\problem\16000</Filter>
    </ClCompile>
    <ClCompile Include="2163.cpp">
      <Filter>소스 파일\problem\2000</Filter>
    </ClCompile>
    <ClCompile Include="2293.cpp">
      <Filter>소스 파일\problem\2000</Filter>
    </ClCompile>
    <ClCompile Include="1676.cpp">
      <Filter>소스 파일\problem\1000</Filter>
    </ClCompile>
    <ClCompile Include="14502.cpp">
      <Filter>소스 파일\problem\14000</Filter>
    </ClCompile>
    <ClCompile Include="2941.cpp">
      <Filter>소스 파일\problem\2000</Filter>
    </ClCompile>
    <ClCompile Include="9663.cpp">
      <Filter>소스 파일\problem\9000</Filter>
    </ClCompile>
    <ClCompile Include="11048.cpp">
      <Filter>소스 파일\problem\11000</Filter>
    </ClCompile>
    <ClCompile Include="1764.cpp">
      <Filter>소스 파일\problem\1000</Filter>
    </ClCompile>
    <ClCompile Include="10250.cpp">
      <Filter>소스 파일\problem\10000</Filter>
    </ClCompile>
    <ClCompile Include="14890.cpp">
      <Filter>소스 파일\problem\14000</Filter>
    </ClCompile>
    <ClCompile Include="11403.cpp">
      <Filter>소스 파일\problem\11000</Filter>
    </ClCompile>
    <ClCompile Include="2164.cpp">
      <Filter>소스 파일\problem\2000</Filter>
    </ClCompile>
    <ClCompile Include="11729.cpp">
      <Filter>소스 파일\problem\11000</Filter>
    </ClCompile>
    <ClCompile Include="a.cpp">
      <Filter>소스 파일\scpc</Filter>
    </ClCompile>
    <ClCompile Include="b.cpp">
      <Filter>소스 파일\scpc</Filter>
    </ClCompile>
    <ClCompile Include="d.cpp">
      <Filter>소스 파일\scpc</Filter>
    </ClCompile>
    <ClCompile Include="17269.cpp">
      <Filter>소스 파일\problem\17000</Filter>
    </ClCompile>
    <ClCompile Include="6359.cpp">
      <Filter>소스 파일\problem\6000</Filter>
    </ClCompile>
    <ClCompile Include="15553.cpp">
      <Filter>소스 파일\problem\15000</Filter>
    </ClCompile>
    <ClCompile Include="1699.cpp">
      <Filter>소스 파일\problem\1000</Filter>
    </ClCompile>
    <ClCompile Include="2133.cpp">
      <Filter>소스 파일\problem\2000</Filter>
    </ClCompile>
    <ClCompile Include="2225.cpp">
      <Filter>소스 파일\problem\2000</Filter>
    </ClCompile>
    <ClCompile Include="11054.cpp">
      <Filter>소스 파일\problem\11000</Filter>
    </ClCompile>
    <ClCompile Include="17300.cpp">
      <Filter>소스 파일\problem\17000</Filter>
    </ClCompile>
    <ClCompile Include="17252.cpp">
      <Filter>소스 파일\problem\17000</Filter>
    </ClCompile>
    <ClCompile Include="1600.cpp">
      <Filter>소스 파일\problem\1000</Filter>
    </ClCompile>
    <ClCompile Include="1904.cpp">
      <Filter>소스 파일\problem\1000</Filter>
    </ClCompile>
    <ClCompile Include="9251.cpp">
      <Filter>소스 파일\problem\9000</Filter>
    </ClCompile>
    <ClCompile Include="1138.cpp">
      <Filter>소스 파일\problem\1000</Filter>
    </ClCompile>
    <ClCompile Include="1014.cpp">
      <Filter>소스 파일\problem\1000</Filter>
    </ClCompile>
    <ClCompile Include="12904.cpp">
      <Filter>소스 파일\problem\12000</Filter>
    </ClCompile>
    <ClCompile Include="16931.cpp">
      <Filter>소스 파일\problem\16000</Filter>
    </ClCompile>
    <ClCompile Include="15651.cpp">
      <Filter>소스 파일\problem\15000</Filter>
    </ClCompile>
    <ClCompile Include="15652.cpp">
      <Filter>소스 파일\problem\15000</Filter>
    </ClCompile>
    <ClCompile Include="14889.cpp">
      <Filter>소스 파일\problem\14000</Filter>
    </ClCompile>
    <ClCompile Include="6603.cpp">
      <Filter>소스 파일\problem\6000</Filter>
    </ClCompile>
    <ClCompile Include="5557.cpp">
      <Filter>소스 파일\problem\5000</Filter>
    </ClCompile>
    <ClCompile Include="17362.cpp">
      <Filter>소스 파일\problem\17000</Filter>
    </ClCompile>
    <ClCompile Include="17363.cpp">
      <Filter>소스 파일\problem\17000</Filter>
    </ClCompile>
    <ClCompile Include="14395.cpp">
      <Filter>소스 파일\problem\14000</Filter>
    </ClCompile>
    <ClCompile Include="15653.cpp">
      <Filter>소스 파일\problem\15000</Filter>
    </ClCompile>
    <ClCompile Include="7453.cpp">
      <Filter>소스 파일\problem\7000</Filter>
    </ClCompile>
    <ClCompile Include="4963.cpp">
      <Filter>소스 파일\problem\4000</Filter>
    </ClCompile>
    <ClCompile Include="1068.cpp">
      <Filter>소스 파일\problem\1000</Filter>
    </ClCompile>
    <ClCompile Include="1181.cpp">
      <Filter>소스 파일\problem\1000</Filter>
    </ClCompile>
    <ClCompile Include="10799.cpp">
      <Filter>소스 파일\problem\10000</Filter>
    </ClCompile>
    <ClCompile Include="3085.cpp">
      <Filter>소스 파일\problem\3000</Filter>
    </ClCompile>
    <ClCompile Include="17471.cpp">
      <Filter>소스 파일\problem\17000</Filter>
    </ClCompile>
    <ClCompile Include="2583.cpp">
      <Filter>소스 파일\problem\2000</Filter>
    </ClCompile>
    <ClCompile Include="16637.cpp">
      <Filter>소스 파일\problem\16000</Filter>
    </ClCompile>
    <ClCompile Include="17822.cpp">
      <Filter>소스 파일\problem\17000</Filter>
    </ClCompile>
    <ClCompile Include="1206.cpp">
      <Filter>소스 파일\problem\SWEA</Filter>
    </ClCompile>
    <ClCompile Include="1244.cpp">
      <Filter>소스 파일</Filter>
    </ClCompile>
    <ClCompile Include="17780.cpp">
      <Filter>소스 파일\problem\17000</Filter>
    </ClCompile>
    <ClCompile Include="1436.cpp">
      <Filter>소스 파일\problem\1000</Filter>
    </ClCompile>
    <ClCompile Include="1074.cpp">
      <Filter>소스 파일\problem\1000</Filter>
    </ClCompile>
    <ClCompile Include="17140.cpp">
      <Filter>소스 파일\problem\17000</Filter>
    </ClCompile>
    <ClCompile Include="2798.cpp">
      <Filter>소스 파일\problem\2000</Filter>
    </ClCompile>
    <ClCompile Include="15686.cpp">
      <Filter>소스 파일\problem\15000</Filter>
    </ClCompile>
    <ClCompile Include="17143.cpp">
      <Filter>소스 파일\problem\17000</Filter>
    </ClCompile>
    <ClCompile Include="17836.cpp">
      <Filter>소스 파일\problem\17000</Filter>
    </ClCompile>
    <ClCompile Include="17281.cpp">
      <Filter>소스 파일\problem\17000</Filter>
    </ClCompile>
    <ClCompile Include="17779.cpp">
      <Filter>소스 파일\problem\17000</Filter>
    </ClCompile>
    <ClCompile Include="12865.cpp">
      <Filter>소스 파일\problem\12000</Filter>
    </ClCompile>
    <ClCompile Include="13717.cpp">
      <Filter>소스 파일\problem\13000</Filter>
    </ClCompile>
    <ClCompile Include="1767.cpp">
      <Filter>소스 파일\problem\SWEA</Filter>
    </ClCompile>
    <ClCompile Include="14715.cpp">
      <Filter>소스 파일\problem\14000</Filter>
    </ClCompile>
    <ClCompile Include="17951.cpp">
      <Filter>소스 파일\problem\17000</Filter>
    </ClCompile>
    <ClCompile Include="14500.cpp">
      <Filter>소스 파일\problem\14000</Filter>
    </ClCompile>
    <ClCompile Include="2206.cpp">
      <Filter>소스 파일\problem\2000</Filter>
    </ClCompile>
    <ClCompile Include="10973.cpp">
      <Filter>소스 파일\problem\10000</Filter>
    </ClCompile>
    <ClCompile Include="1032.cpp">
      <Filter>소스 파일\problem\1000</Filter>
    </ClCompile>
    <ClCompile Include="1541.cpp">
      <Filter>소스 파일\problem\1000</Filter>
    </ClCompile>
    <ClCompile Include="16235.cpp">
      <Filter>소스 파일\problem\16000</Filter>
    </ClCompile>
    <ClCompile Include="2290.cpp">
      <Filter>소스 파일\problem\2000</Filter>
    </ClCompile>
    <ClCompile Include="디저트카페.cpp">
      <Filter>소스 파일\problem\SWEA</Filter>
    </ClCompile>
    <ClCompile Include="탈주범검거.cpp">
      <Filter>소스 파일\problem\SWEA</Filter>
    </ClCompile>
    <ClCompile Include="2010.cpp">
      <Filter>소스 파일\problem\2000</Filter>
    </ClCompile>
    <ClCompile Include="15953.cpp">
      <Filter>소스 파일\problem\15000</Filter>
    </ClCompile>
    <ClCompile Include="view.cpp">
      <Filter>소스 파일\problem\SWEA</Filter>
    </ClCompile>
    <ClCompile Include="flatten.cpp">
      <Filter>소스 파일\problem\SWEA</Filter>
    </ClCompile>
    <ClCompile Include="sum.cpp">
      <Filter>소스 파일\problem\SWEA</Filter>
    </ClCompile>
    <ClCompile Include="string.cpp">
      <Filter>소스 파일\problem\SWEA</Filter>
    </ClCompile>
    <ClCompile Include="1215.cpp">
      <Filter>소스 파일\problem\SWEA</Filter>
    </ClCompile>
    <ClCompile Include="1952.cpp">
      <Filter>소스 파일\problem\SWEA</Filter>
    </ClCompile>
    <ClCompile Include="16234.cpp">
      <Filter>소스 파일\problem\16000</Filter>
    </ClCompile>
    <ClCompile Include="9700.cpp">
      <Filter>소스 파일\problem\SWEA</Filter>
    </ClCompile>
    <ClCompile Include="1865.cpp">
      <Filter>소스 파일\problem\1000</Filter>
    </ClCompile>
    <ClCompile Include="1486.cpp">
      <Filter>소스 파일\problem\SWEA</Filter>
    </ClCompile>
    <ClCompile Include="1824.cpp">
      <Filter>소스 파일\problem\SWEA</Filter>
    </ClCompile>
    <ClCompile Include="13023.cpp">
      <Filter>소스 파일\problem\13000</Filter>
    </ClCompile>
    <ClCompile Include="15684.cpp">
      <Filter>소스 파일\problem\15000</Filter>
    </ClCompile>
    <ClCompile Include="16236.cpp">
      <Filter>소스 파일\problem\16000</Filter>
    </ClCompile>
    <ClCompile Include="5373.cpp">
      <Filter>소스 파일\problem\5000</Filter>
    </ClCompile>
    <ClCompile Include="5653.cpp">
      <Filter>소스 파일\problem\SWEA</Filter>
    </ClCompile>
    <ClCompile Include="17242.cpp">
      <Filter>소스 파일\problem\17000</Filter>
    </ClCompile>
    <ClCompile Include="15663.cpp">
      <Filter>소스 파일\problem\15000</Filter>
    </ClCompile>
    <ClCompile Include="17472.cpp">
      <Filter>소스 파일\problem\17000</Filter>
    </ClCompile>
    <ClCompile Include="60057.cpp">
      <Filter>소스 파일\problem\programmers</Filter>
    </ClCompile>
    <ClCompile Include="60058.cpp">
      <Filter>소스 파일\problem\programmers</Filter>
    </ClCompile>
    <ClCompile Include="5648.cpp">
      <Filter>소스 파일\problem\SWEA</Filter>
    </ClCompile>
    <ClCompile Include="10866.cpp">
      <Filter>소스 파일\problem\10000</Filter>
    </ClCompile>
    <ClCompile Include="5650.cpp">
      <Filter>소스 파일\problem\SWEA</Filter>
    </ClCompile>
    <ClCompile Include="5644.cpp">
      <Filter>소스 파일\problem\SWEA</Filter>
    </ClCompile>
    <ClCompile Include="4014.cpp">
      <Filter>소스 파일\problem\SWEA</Filter>
    </ClCompile>
    <ClCompile Include="4013.cpp">
      <Filter>소스 파일\problem\SWEA</Filter>
    </ClCompile>
    <ClCompile Include="4012.cpp">
      <Filter>소스 파일\problem\SWEA</Filter>
    </ClCompile>
    <ClCompile Include="4008.cpp">
      <Filter>소스 파일\problem\SWEA</Filter>
    </ClCompile>
    <ClCompile Include="2477.cpp">
      <Filter>소스 파일\problem\SWEA</Filter>
    </ClCompile>
    <ClCompile Include="2105.cpp">
      <Filter>소스 파일\problem\SWEA</Filter>
    </ClCompile>
    <ClCompile Include="2117.cpp">
      <Filter>소스 파일\problem\SWEA</Filter>
    </ClCompile>
    <ClCompile Include="2115.cpp">
      <Filter>소스 파일\problem\SWEA</Filter>
    </ClCompile>
    <ClCompile Include="2112.cpp">
      <Filter>소스 파일\problem\SWEA</Filter>
    </ClCompile>
    <ClCompile Include="1953.c">
      <Filter>소스 파일\problem\SWEA</Filter>
    </ClCompile>
    <ClCompile Include="1949.cpp">
      <Filter>소스 파일\problem\SWEA</Filter>
    </ClCompile>
    <ClCompile Include="2382.cpp">
      <Filter>소스 파일\problem\SWEA</Filter>
    </ClCompile>
    <ClCompile Include="17406.cpp">
      <Filter>소스 파일\problem\17000</Filter>
    </ClCompile>
    <ClCompile Include="2573.cpp">
      <Filter>소스 파일\problem\2000</Filter>
    </ClCompile>
    <ClCompile Include="11653.cpp">
      <Filter>소스 파일\problem\11000</Filter>
    </ClCompile>
    <ClCompile Include="60059.cpp">
      <Filter>소스 파일\problem\programmers</Filter>
    </ClCompile>
    <ClCompile Include="2931.cpp">
      <Filter>소스 파일\problem\2000</Filter>
    </ClCompile>
    <ClCompile Include="60063.cpp">
      <Filter>소스 파일\problem\programmers</Filter>
    </ClCompile>
    <ClCompile Include="60062.cpp">
      <Filter>소스 파일\problem\programmers</Filter>
    </ClCompile>
    <ClCompile Include="67258.cpp">
      <Filter>소스 파일\problem\programmers</Filter>
    </ClCompile>
    <ClCompile Include="67257.cpp">
      <Filter>소스 파일\problem\programmers</Filter>
    </ClCompile>
    <ClCompile Include="67259.cpp">
      <Filter>소스 파일\problem\programmers</Filter>
    </ClCompile>
    <ClCompile Include="42890.cpp">
      <Filter>소스 파일\problem\programmers</Filter>
    </ClCompile>
    <ClCompile Include="42892.cpp">
      <Filter>소스 파일\problem\programmers</Filter>
    </ClCompile>
    <ClCompile Include="60061.cpp">
      <Filter>소스 파일\problem\programmers</Filter>
    </ClCompile>
    <ClCompile Include="64061.cpp">
      <Filter>소스 파일\problem\programmers</Filter>
    </ClCompile>
    <ClCompile Include="line.cpp">
      <Filter>소스 파일\problem\programmers</Filter>
    </ClCompile>
    <ClCompile Include="1221.cpp">
      <Filter>소스 파일\problem\SWEA</Filter>
    </ClCompile>
    <ClCompile Include="2383.cpp">
      <Filter>소스 파일\problem\SWEA</Filter>
    </ClCompile>
    <ClCompile Include="19235.cpp">
      <Filter>소스 파일\problem\19000</Filter>
    </ClCompile>
    <ClCompile Include="19238.cpp">
      <Filter>소스 파일\problem\19000</Filter>
    </ClCompile>
    <ClCompile Include="17825.cpp">
      <Filter>소스 파일\problem\17000</Filter>
    </ClCompile>
    <ClCompile Include="19237.cpp">
      <Filter>소스 파일\problem\19000</Filter>
    </ClCompile>
    <ClCompile Include="1753.cpp">
      <Filter>소스 파일\problem\1000</Filter>
    </ClCompile>
    <ClCompile Include="2580.cpp">
      <Filter>소스 파일\problem\2000</Filter>
    </ClCompile>
    <ClCompile Include="18809.cpp">
      <Filter>소스 파일\problem\19000</Filter>
    </ClCompile>
    <ClCompile Include="5052.cpp">
      <Filter>소스 파일\problem\5000</Filter>
    </ClCompile>
    <ClCompile Include="1916.cpp">
      <Filter>소스 파일\problem\1000</Filter>
    </ClCompile>
    <ClCompile Include="19236.cpp">
      <Filter>소스 파일\problem\19000</Filter>
    </ClCompile>
    <ClCompile Include="18808.cpp">
      <Filter>소스 파일\problem\19000</Filter>
    </ClCompile>
    <ClCompile Include="17837.cpp">
      <Filter>소스 파일\problem\17000</Filter>
    </ClCompile>
    <ClCompile Include="1799.cpp">
      <Filter>소스 파일\problem\1000</Filter>
    </ClCompile>
    <ClCompile Include="20056.cpp">
      <Filter>소스 파일\problem\20000</Filter>
    </ClCompile>
    <ClCompile Include="12738.cpp">
      <Filter>소스 파일\problem\12000</Filter>
    </ClCompile>
    <ClCompile Include="1197.cpp">
      <Filter>소스 파일\problem\1000</Filter>
    </ClCompile>
    <ClCompile Include="20061.cpp">
      <Filter>소스 파일\problem\20000</Filter>
    </ClCompile>
    <ClCompile Include="1976.cpp">
      <Filter>소스 파일\problem\1000</Filter>
    </ClCompile>
    <ClCompile Include="1504.cpp">
      <Filter>소스 파일\problem\1000</Filter>
    </ClCompile>
    <ClCompile Include="9252.cpp">
      <Filter>소스 파일\problem\9000</Filter>
    </ClCompile>
    <ClCompile Include="1922.cpp">
      <Filter>소스 파일\problem\1000</Filter>
    </ClCompile>
    <ClCompile Include="2003.cpp">
      <Filter>소스 파일\problem\2000</Filter>
    </ClCompile>
    <ClCompile Include="14002.cpp">
      <Filter>소스 파일\problem\14000</Filter>
    </ClCompile>
    <ClCompile Include="2150.cpp">
      <Filter>소스 파일\problem\2000</Filter>
    </ClCompile>
    <ClCompile Include="1520.cpp">
      <Filter>소스 파일\problem\1000</Filter>
    </ClCompile>
    <ClCompile Include="1238.cpp">
      <Filter>소스 파일\problem\1000</Filter>
    </ClCompile>
    <ClCompile Include="4196.cpp">
      <Filter>소스 파일\problem\4000</Filter>
    </ClCompile>
    <ClCompile Include="make_input.cpp">
      <Filter>소스 파일</Filter>
    </ClCompile>
    <ClCompile Include="lcs.cpp">
      <Filter>소스 파일</Filter>
    </ClCompile>
    <ClCompile Include="11277.cpp">
      <Filter>소스 파일\problem\11000</Filter>
    </ClCompile>
    <ClCompile Include="11404.cpp">
      <Filter>소스 파일\problem\11000</Filter>
    </ClCompile>
    <ClCompile Include="1937.cpp">
      <Filter>소스 파일\problem\1000</Filter>
    </ClCompile>
    <ClCompile Include="1915.cpp">
      <Filter>소스 파일\problem\1000</Filter>
    </ClCompile>
    <ClCompile Include="11066.cpp">
      <Filter>소스 파일\problem\11000</Filter>
    </ClCompile>
    <ClCompile Include="2011.cpp">
      <Filter>소스 파일\problem\2000</Filter>
    </ClCompile>
    <ClCompile Include="1261.cpp">
      <Filter>소스 파일\problem\1000</Filter>
    </ClCompile>
    <ClCompile Include="2665.cpp">
      <Filter>소스 파일\problem\2000</Filter>
    </ClCompile>
    <ClCompile Include="1829.cpp">
      <Filter>소스 파일\problem\programmers</Filter>
    </ClCompile>
    <ClCompile Include="2239.cpp">
      <Filter>소스 파일\problem\2000</Filter>
    </ClCompile>
    <ClCompile Include="1918.cpp">
      <Filter>소스 파일\problem\1000</Filter>
    </ClCompile>
    <ClCompile Include="17679.cpp">
      <Filter>소스 파일\problem\programmers</Filter>
    </ClCompile>
    <ClCompile Include="11660.cpp">
      <Filter>소스 파일\problem\11000</Filter>
    </ClCompile>
    <ClCompile Include="1493.cpp">
      <Filter>소스 파일\problem\1000</Filter>
    </ClCompile>
    <ClCompile Include="17298.cpp">
      <Filter>소스 파일\problem\17000</Filter>
    </ClCompile>
    <ClCompile Include="9466.cpp">
      <Filter>소스 파일\problem\9000</Filter>
    </ClCompile>
    <ClCompile Include="10703.cpp">
      <Filter>소스 파일\problem\10000</Filter>
    </ClCompile>
    <ClCompile Include="14442.cpp">
      <Filter>소스 파일\problem\14000</Filter>
    </ClCompile>
    <ClCompile Include="17413.cpp">
      <Filter>소스 파일\problem\17000</Filter>
    </ClCompile>
    <ClCompile Include="16928.cpp">
      <Filter>소스 파일\problem\16000</Filter>
    </ClCompile>
    <ClCompile Include="3019.cpp">
      <Filter>소스 파일\problem\3000</Filter>
    </ClCompile>
    <ClCompile Include="20055.cpp">
      <Filter>소스 파일\problem\20000</Filter>
    </ClCompile>
    <ClCompile Include="4615.cpp">
      <Filter>소스 파일\problem\SWEA</Filter>
    </ClCompile>
    <ClCompile Include="2805.cpp">
      <Filter>소스 파일\problem\SWEA</Filter>
    </ClCompile>
    <ClCompile Include="16926.cpp">
      <Filter>소스 파일\problem\16000</Filter>
    </ClCompile>
    <ClCompile Include="1405.cpp">
      <Filter>소스 파일\problem\1000</Filter>
    </ClCompile>
    <ClCompile Include="20304.cpp">
      <Filter>소스 파일\problem\20000</Filter>
    </ClCompile>
    <ClCompile Include="8911.cpp">
      <Filter>소스 파일\problem\8000</Filter>
    </ClCompile>
    <ClCompile Include="11279.cpp">
      <Filter>소스 파일\problem\11000</Filter>
    </ClCompile>
    <ClCompile Include="9934.cpp">
      <Filter>소스 파일\problem\9000</Filter>
    </ClCompile>
    <ClCompile Include="3109.cpp">
      <Filter>소스 파일\problem\3000</Filter>
    </ClCompile>
    <ClCompile Include="1986.cpp">
      <Filter>소스 파일\problem\1000</Filter>
    </ClCompile>
    <ClCompile Include="16562.cpp">
      <Filter>소스 파일\problem\16000</Filter>
    </ClCompile>
    <ClCompile Include="16987.cpp">
      <Filter>소스 파일\problem\16000</Filter>
    </ClCompile>
    <ClCompile Include="10830.cpp">
      <Filter>소스 파일\problem\10000</Filter>
    </ClCompile>
    <ClCompile Include="1725.cpp">
      <Filter>소스 파일\problem\1000</Filter>
    </ClCompile>
    <ClCompile Include="2636.cpp">
      <Filter>소스 파일\problem\2000</Filter>
    </ClCompile>
    <ClCompile Include="11266.cpp">
      <Filter>소스 파일\problem\11000</Filter>
    </ClCompile>
    <ClCompile Include="1766.cpp">
      <Filter>소스 파일\problem\1000</Filter>
    </ClCompile>
    <ClCompile Include="2056.cpp">
      <Filter>소스 파일\problem\2000</Filter>
    </ClCompile>
    <ClCompile Include="18500.cpp">
      <Filter>소스 파일\problem\18000</Filter>
    </ClCompile>
    <ClCompile Include="20057.cpp">
      <Filter>소스 파일\problem\20000</Filter>
    </ClCompile>
    <ClCompile Include="1967.cpp">
      <Filter>소스 파일\problem\1000</Filter>
    </ClCompile>
    <ClCompile Include="test2.cpp">
      <Filter>소스 파일</Filter>
    </ClCompile>
    <ClCompile Include="test.cpp">
      <Filter>소스 파일</Filter>
    </ClCompile>
    <ClCompile Include="3079.cpp">
      <Filter>소스 파일\problem\3000</Filter>
    </ClCompile>
    <ClCompile Include="15681.cpp">
      <Filter>소스 파일\problem\15000</Filter>
    </ClCompile>
    <ClCompile Include="17686.cpp">
      <Filter>소스 파일\problem\programmers</Filter>
    </ClCompile>
    <ClCompile Include="6497.cpp">
      <Filter>소스 파일\problem\6000</Filter>
    </ClCompile>
    <ClCompile Include="1944.cpp">
      <Filter>소스 파일\problem\1000</Filter>
    </ClCompile>
    <ClCompile Include="16929.cpp">
      <Filter>소스 파일\problem\16000</Filter>
    </ClCompile>
    <ClCompile Include="1654.cpp">
      <Filter>소스 파일\problem\1000</Filter>
    </ClCompile>
    <ClCompile Include="2110.cpp">
      <Filter>소스 파일\problem\2000</Filter>
    </ClCompile>
    <ClCompile Include="2512.cpp">
      <Filter>소스 파일\problem\2000</Filter>
    </ClCompile>
    <ClCompile Include="21278.cpp">
      <Filter>소스 파일\problem\21000</Filter>
    </ClCompile>
    <ClCompile Include="17271.cpp">
      <Filter>소스 파일\problem\17000</Filter>
    </ClCompile>
    <ClCompile Include="11657.cpp">
      <Filter>소스 파일\problem\11000</Filter>
    </ClCompile>
    <ClCompile Include="1445.cpp">
      <Filter>소스 파일\problem\1000</Filter>
    </ClCompile>
    <ClCompile Include="64062.cpp">
      <Filter>소스 파일\problem\programmers</Filter>
    </ClCompile>
    <ClCompile Include="16437.cpp">
      <Filter>소스 파일\problem\16000</Filter>
    </ClCompile>
    <ClCompile Include="20165.cpp">
      <Filter>소스 파일\problem\20000</Filter>
    </ClCompile>
    <ClCompile Include="14226.cpp">
      <Filter>소스 파일\problem\14000</Filter>
    </ClCompile>
    <ClCompile Include="1249.cpp">
      <Filter>소스 파일\problem\SWEA</Filter>
    </ClCompile>
    <ClCompile Include="72413.cpp">
      <Filter>소스 파일\problem\programmers</Filter>
    </ClCompile>
    <ClCompile Include="1516.cpp">
      <Filter>소스 파일\problem\1000</Filter>
    </ClCompile>
    <ClCompile Include="67260.cpp">
      <Filter>소스 파일\problem\programmers</Filter>
    </ClCompile>
    <ClCompile Include="21276.cpp">
      <Filter>소스 파일\problem\21000</Filter>
    </ClCompile>
    <ClCompile Include="15961.cpp">
      <Filter>소스 파일\problem\15000</Filter>
    </ClCompile>
    <ClCompile Include="14938.cpp">
      <Filter>소스 파일\problem\14000</Filter>
    </ClCompile>
    <ClCompile Include="14567.cpp">
      <Filter>소스 파일\problem\14000</Filter>
    </ClCompile>
    <ClCompile Include="1194.cpp">
      <Filter>소스 파일\problem\1000</Filter>
    </ClCompile>
    <ClCompile Include="16432.cpp">
      <Filter>소스 파일\problem\16000</Filter>
    </ClCompile>
    <ClCompile Include="2623.cpp">
      <Filter>소스 파일\problem\2000</Filter>
    </ClCompile>
    <ClCompile Include="3020.cpp">
      <Filter>소스 파일\problem\3000</Filter>
    </ClCompile>
    <ClCompile Include="20168.cpp">
      <Filter>소스 파일\problem\20000</Filter>
    </ClCompile>
    <ClCompile Include="1756.cpp">
      <Filter>소스 파일\problem\1000</Filter>
    </ClCompile>
    <ClCompile Include="1868.cpp">
      <Filter>소스 파일\problem\SWEA</Filter>
    </ClCompile>
    <ClCompile Include="2263.cpp">
      <Filter>소스 파일\problem\2000</Filter>
    </ClCompile>
    <ClCompile Include="17609.cpp">
      <Filter>소스 파일\problem\17000</Filter>
    </ClCompile>
    <ClCompile Include="2302.cpp">
      <Filter>소스 파일\problem\2000</Filter>
    </ClCompile>
    <ClCompile Include="18233.cpp">
      <Filter>소스 파일\problem\18000</Filter>
    </ClCompile>
    <ClCompile Include="2470.cpp">
      <Filter>소스 파일\problem\2000</Filter>
    </ClCompile>
    <ClCompile Include="kakao2.cpp">
      <Filter>소스 파일\problem\programmers</Filter>
    </ClCompile>
    <ClCompile Include="kakao3.cpp">
      <Filter>소스 파일\problem\programmers</Filter>
    </ClCompile>
    <ClCompile Include="14496.cpp">
      <Filter>소스 파일\problem\14000</Filter>
    </ClCompile>
    <ClCompile Include="18113.cpp">
      <Filter>소스 파일\problem\18000</Filter>
    </ClCompile>
    <ClCompile Include="10282.cpp">
      <Filter>소스 파일\problem\10000</Filter>
    </ClCompile>
    <ClCompile Include="1719.cpp">
      <Filter>소스 파일\problem\1000</Filter>
    </ClCompile>
    <ClCompile Include="1802.cpp">
      <Filter>소스 파일\problem\1000</Filter>
    </ClCompile>
    <ClCompile Include="17245.cpp">
      <Filter>소스 파일\problem\17000</Filter>
    </ClCompile>
    <ClCompile Include="21738.cpp">
      <Filter>소스 파일\problem\21000</Filter>
    </ClCompile>
    <ClCompile Include="21772.cpp">
      <Filter>소스 파일\problem\21000</Filter>
    </ClCompile>
    <ClCompile Include="21773.cpp">
      <Filter>소스 파일\problem\21000</Filter>
    </ClCompile>
    <ClCompile Include="20166.cpp">
      <Filter>소스 파일\problem\20000</Filter>
    </ClCompile>
    <ClCompile Include="1043.cpp">
      <Filter>소스 파일\problem\1000</Filter>
    </ClCompile>
    <ClCompile Include="15591.cpp">
      <Filter>소스 파일\problem\15000</Filter>
    </ClCompile>
    <ClCompile Include="72415.cpp">
      <Filter>소스 파일\problem\programmers</Filter>
    </ClCompile>
    <ClCompile Include="7682.cpp">
      <Filter>소스 파일\problem\7000</Filter>
    </ClCompile>
    <ClCompile Include="21629.cpp">
      <Filter>소스 파일\problem\21000</Filter>
    </ClCompile>
    <ClCompile Include="1506.cpp">
      <Filter>소스 파일\problem\1000</Filter>
    </ClCompile>
    <ClCompile Include="64063.cpp">
      <Filter>소스 파일\problem\programmers</Filter>
    </ClCompile>
    <ClCompile Include="21924.cpp">
      <Filter>소스 파일\problem\21000</Filter>
    </ClCompile>
    <ClCompile Include="15783.cpp">
      <Filter>소스 파일\problem\15000</Filter>
    </ClCompile>
    <ClCompile Include="18352.cpp">
      <Filter>소스 파일\problem\18000</Filter>
    </ClCompile>
    <ClCompile Include="1219.cpp">
      <Filter>소스 파일\problem\1000</Filter>
    </ClCompile>
    <ClCompile Include="18223.cpp">
      <Filter>소스 파일\problem\18000</Filter>
    </ClCompile>
    <ClCompile Include="16118.cpp">
      <Filter>소스 파일\problem\16000</Filter>
    </ClCompile>
    <ClCompile Include="13424.cpp">
      <Filter>소스 파일\problem\13000</Filter>
    </ClCompile>
    <ClCompile Include="17179.cpp">
      <Filter>소스 파일\problem\17000</Filter>
    </ClCompile>
    <ClCompile Include="7795.cpp">
      <Filter>소스 파일\problem\7000</Filter>
    </ClCompile>
    <ClCompile Include="1660.cpp">
      <Filter>소스 파일\problem\1000</Filter>
    </ClCompile>
    <ClCompile Include="11779.cpp">
      <Filter>소스 파일\problem\11000</Filter>
    </ClCompile>
    <ClCompile Include="2467.cpp">
      <Filter>소스 파일\problem\2000</Filter>
    </ClCompile>
    <ClCompile Include="22251.cpp">
      <Filter>소스 파일\problem\22000</Filter>
    </ClCompile>
  </ItemGroup>
  <ItemGroup>
    <Text Include="list.txt">
      <Filter>리소스 파일</Filter>
    </Text>
    <Text Include="output.txt">
      <Filter>리소스 파일</Filter>
    </Text>
    <Text Include="input.txt">
      <Filter>리소스 파일</Filter>
    </Text>
  </ItemGroup>
  <ItemGroup>
    <None Include="sample1.in">
      <Filter>리소스 파일</Filter>
    </None>
    <None Include="sample3.in">
      <Filter>리소스 파일</Filter>
    </None>
    <None Include="sample2.in">
      <Filter>리소스 파일</Filter>
    </None>
    <None Include="sample_4.in">
      <Filter>리소스 파일</Filter>
    </None>
    <None Include="sample_5.in">
      <Filter>리소스 파일</Filter>
    </None>
  </ItemGroup>
</Project>